// !$*UTF8*$!
{
	archiveVersion = 1;
	classes = {
	};
	objectVersion = 50;
	objects = {

/* Begin PBXBuildFile section */
		692CF5A02928212F00C6B389 /* Colors.swift in Sources */ = {isa = PBXBuildFile; fileRef = 692CF59F2928212F00C6B389 /* Colors.swift */; };
		692CF5A229282D3800C6B389 /* Images.swift in Sources */ = {isa = PBXBuildFile; fileRef = 692CF5A129282D3800C6B389 /* Images.swift */; };
		694E2C7A293189C1009E923B /* HistoryViewModel.swift in Sources */ = {isa = PBXBuildFile; fileRef = 694E2C79293189C1009E923B /* HistoryViewModel.swift */; };
		694E2C822933E6A9009E923B /* HistoryListRowView.swift in Sources */ = {isa = PBXBuildFile; fileRef = 694E2C812933E6A9009E923B /* HistoryListRowView.swift */; };
		694E2C842933E6C2009E923B /* TotalView.swift in Sources */ = {isa = PBXBuildFile; fileRef = 694E2C832933E6C2009E923B /* TotalView.swift */; };
		694E2C862933E72C009E923B /* TotalValue.swift in Sources */ = {isa = PBXBuildFile; fileRef = 694E2C852933E72C009E923B /* TotalValue.swift */; };
		694E2C8A29340BB6009E923B /* HomeView.swift in Sources */ = {isa = PBXBuildFile; fileRef = 694E2C8929340BB6009E923B /* HomeView.swift */; };
		69839F8329369FC100920333 /* HomeCellProvider.swift in Sources */ = {isa = PBXBuildFile; fileRef = 69839F8229369FC100920333 /* HomeCellProvider.swift */; };
		69839F852936A05500920333 /* HomeViewModel.swift in Sources */ = {isa = PBXBuildFile; fileRef = 69839F842936A05500920333 /* HomeViewModel.swift */; };
		69839F892936A0DD00920333 /* WorkingCell.swift in Sources */ = {isa = PBXBuildFile; fileRef = 69839F882936A0DD00920333 /* WorkingCell.swift */; };
		69839F8B2936A3E700920333 /* IdleCell.swift in Sources */ = {isa = PBXBuildFile; fileRef = 69839F8A2936A3E700920333 /* IdleCell.swift */; };
		69981E7529392183007476D5 /* PickerView.swift in Sources */ = {isa = PBXBuildFile; fileRef = 69981E7429392183007476D5 /* PickerView.swift */; };
		69981E7729392706007476D5 /* CustomRoundedCorner.swift in Sources */ = {isa = PBXBuildFile; fileRef = 69981E7629392706007476D5 /* CustomRoundedCorner.swift */; };
		69981E7B2939536B007476D5 /* Config.swift in Sources */ = {isa = PBXBuildFile; fileRef = 69981E7A2939536B007476D5 /* Config.swift */; };
		69D4CDCF292AB39C00E04681 /* CoreDataManager.swift in Sources */ = {isa = PBXBuildFile; fileRef = 69D4CDCE292AB39C00E04681 /* CoreDataManager.swift */; };
		69DCF7BB292D7A0F00520254 /* HistoryView.swift in Sources */ = {isa = PBXBuildFile; fileRef = 69DCF7BA292D7A0F00520254 /* HistoryView.swift */; };
		69F8A96629353C41003C770C /* SwipeButton.swift in Sources */ = {isa = PBXBuildFile; fileRef = 69F8A96529353C41003C770C /* SwipeButton.swift */; };
		E10B09F72603F739009FADEB /* LoadingView.swift in Sources */ = {isa = PBXBuildFile; fileRef = E10B09F62603F739009FADEB /* LoadingView.swift */; };
		E112189F25FCE50B00A32772 /* ProgressCircleView.swift in Sources */ = {isa = PBXBuildFile; fileRef = E112189E25FCE50B00A32772 /* ProgressCircleView.swift */; };
		E1134CDE26053A9D006BFD87 /* LastWorkView.swift in Sources */ = {isa = PBXBuildFile; fileRef = E1134CDD26053A9D006BFD87 /* LastWorkView.swift */; };
		E119575925F9330F003BD1CD /* DateFormatEnum.swift in Sources */ = {isa = PBXBuildFile; fileRef = E119575825F9330E003BD1CD /* DateFormatEnum.swift */; };
		E119576725F94891003BD1CD /* Int.swift in Sources */ = {isa = PBXBuildFile; fileRef = E119576625F94891003BD1CD /* Int.swift */; };
		E12C3F662610B5B10082EC30 /* SpecialDaysEnum.swift in Sources */ = {isa = PBXBuildFile; fileRef = E12C3F652610B5B10082EC30 /* SpecialDaysEnum.swift */; };
		E12C3F6A26127DFE0082EC30 /* HoursRow.swift in Sources */ = {isa = PBXBuildFile; fileRef = E12C3F6926127DFE0082EC30 /* HoursRow.swift */; };
		E13291C825F2B0FD00348BC3 /* StartEndRow.swift in Sources */ = {isa = PBXBuildFile; fileRef = E13291C725F2B0FD00348BC3 /* StartEndRow.swift */; };
		E13291CB25F2B2A500348BC3 /* AddEditDateViewModel.swift in Sources */ = {isa = PBXBuildFile; fileRef = E13291CA25F2B2A500348BC3 /* AddEditDateViewModel.swift */; };
		E13291CE25F2B2C500348BC3 /* New.swift in Sources */ = {isa = PBXBuildFile; fileRef = E13291CD25F2B2C500348BC3 /* New.swift */; };
		E167661325F3C110007ECDC9 /* PauseRow.swift in Sources */ = {isa = PBXBuildFile; fileRef = E167661225F3C110007ECDC9 /* PauseRow.swift */; };
		E167661625F3C294007ECDC9 /* SaveButtonRow.swift in Sources */ = {isa = PBXBuildFile; fileRef = E167661525F3C294007ECDC9 /* SaveButtonRow.swift */; };
		E16D43CD26090CB4001D5D49 /* SettingHeaderView.swift in Sources */ = {isa = PBXBuildFile; fileRef = E16D43CC26090CB4001D5D49 /* SettingHeaderView.swift */; };
		E16D43D326090F23001D5D49 /* TimeSettingView.swift in Sources */ = {isa = PBXBuildFile; fileRef = E16D43D226090F23001D5D49 /* TimeSettingView.swift */; };
		E16D43DA26092D20001D5D49 /* HoursPicker.swift in Sources */ = {isa = PBXBuildFile; fileRef = E16D43D926092D20001D5D49 /* HoursPicker.swift */; };
		E16E8F5E260A5B28006AA09A /* DaysPicker.swift in Sources */ = {isa = PBXBuildFile; fileRef = E16E8F5D260A5B28006AA09A /* DaysPicker.swift */; };
		E17468762601377B00F9CE02 /* SheetViewsEnum.swift in Sources */ = {isa = PBXBuildFile; fileRef = E17468752601377B00F9CE02 /* SheetViewsEnum.swift */; };
		E174B0B7260F0E53001B8B86 /* AboutView.swift in Sources */ = {isa = PBXBuildFile; fileRef = E174B0B6260F0E53001B8B86 /* AboutView.swift */; };
		E174F5BD25F2AE8300707C97 /* NewDateRow.swift in Sources */ = {isa = PBXBuildFile; fileRef = E174F5BC25F2AE8300707C97 /* NewDateRow.swift */; };
		E17C2D91260FC03C000B3412 /* Dates+CoreDataClass.swift in Sources */ = {isa = PBXBuildFile; fileRef = E17C2D8F260FC03C000B3412 /* Dates+CoreDataClass.swift */; };
		E17C2D92260FC03C000B3412 /* Dates+CoreDataProperties.swift in Sources */ = {isa = PBXBuildFile; fileRef = E17C2D90260FC03C000B3412 /* Dates+CoreDataProperties.swift */; };
		E17F19E425FFDA1D009C3674 /* AddEditDateView.swift in Sources */ = {isa = PBXBuildFile; fileRef = E17F19E325FFDA1D009C3674 /* AddEditDateView.swift */; };
		E17FD86625F7D00100CD126F /* TimeOfWorkCoreData.xcdatamodeld in Sources */ = {isa = PBXBuildFile; fileRef = E17FD86425F7D00100CD126F /* TimeOfWorkCoreData.xcdatamodeld */; };
		E183359225EE988100E3A952 /* Time_Of_WorkApp.swift in Sources */ = {isa = PBXBuildFile; fileRef = E183357F25EE988000E3A952 /* Time_Of_WorkApp.swift */; };
		E183359425EE988100E3A952 /* ContentView.swift in Sources */ = {isa = PBXBuildFile; fileRef = E183358025EE988000E3A952 /* ContentView.swift */; };
		E183359625EE988100E3A952 /* Assets.xcassets in Resources */ = {isa = PBXBuildFile; fileRef = E183358125EE988100E3A952 /* Assets.xcassets */; };
		E18335AE25EE98C500E3A952 /* MainView.swift in Sources */ = {isa = PBXBuildFile; fileRef = E18335AD25EE98C500E3A952 /* MainView.swift */; };
		E18335B325EE9ACC00E3A952 /* CustomToolbar.swift in Sources */ = {isa = PBXBuildFile; fileRef = E18335B225EE9ACC00E3A952 /* CustomToolbar.swift */; };
		E18335B825EE9B6A00E3A952 /* GlassEffect.swift in Sources */ = {isa = PBXBuildFile; fileRef = E18335B725EE9B6A00E3A952 /* GlassEffect.swift */; };
		E18335BE25EE9D5300E3A952 /* ToolbarView.swift in Sources */ = {isa = PBXBuildFile; fileRef = E18335BD25EE9D5300E3A952 /* ToolbarView.swift */; };
		E18335C325EEA03900E3A952 /* ViewsEnum.swift in Sources */ = {isa = PBXBuildFile; fileRef = E18335C225EEA03900E3A952 /* ViewsEnum.swift */; };
		E1851EAD25EFEEB400C721E9 /* BackgroundWithBorder.swift in Sources */ = {isa = PBXBuildFile; fileRef = E1851EAC25EFEEB400C721E9 /* BackgroundWithBorder.swift */; };
		E1851EB125EFEF6700C721E9 /* OrangeButtonStyle.swift in Sources */ = {isa = PBXBuildFile; fileRef = E1851EB025EFEF6700C721E9 /* OrangeButtonStyle.swift */; };
		E1851EB425EFF60D00C721E9 /* NowRow.swift in Sources */ = {isa = PBXBuildFile; fileRef = E1851EB325EFF60D00C721E9 /* NowRow.swift */; };
		E1851EB925EFF71D00C721E9 /* ButtonsRow.swift in Sources */ = {isa = PBXBuildFile; fileRef = E1851EB825EFF71D00C721E9 /* ButtonsRow.swift */; };
		E1923C1C261000A7001456CF /* TogglesView.swift in Sources */ = {isa = PBXBuildFile; fileRef = E1923C1B261000A7001456CF /* TogglesView.swift */; };
		E1D624382926E09C00AC87D6 /* Date.swift in Sources */ = {isa = PBXBuildFile; fileRef = E1D624372926E09C00AC87D6 /* Date.swift */; };
		E1F20B4326073F5E00790CEA /* AddEditHeaderView.swift in Sources */ = {isa = PBXBuildFile; fileRef = E1F20B4226073F5E00790CEA /* AddEditHeaderView.swift */; };
		E1F20B572607B5E100790CEA /* MainViewModel.swift in Sources */ = {isa = PBXBuildFile; fileRef = E1F20B562607B5E100790CEA /* MainViewModel.swift */; };
		E1F20B5C2607B7A800790CEA /* MainSettingView.swift in Sources */ = {isa = PBXBuildFile; fileRef = E1F20B5B2607B7A800790CEA /* MainSettingView.swift */; };
		E1F20B622607C0AB00790CEA /* SettingsViewModel.swift in Sources */ = {isa = PBXBuildFile; fileRef = E1F20B612607C0AB00790CEA /* SettingsViewModel.swift */; };
		E1F20B6E2607C76000790CEA /* RowSetting.swift in Sources */ = {isa = PBXBuildFile; fileRef = E1F20B6D2607C76000790CEA /* RowSetting.swift */; };
/* End PBXBuildFile section */

/* Begin PBXFileReference section */
		692CF59F2928212F00C6B389 /* Colors.swift */ = {isa = PBXFileReference; lastKnownFileType = sourcecode.swift; path = Colors.swift; sourceTree = "<group>"; };
		692CF5A129282D3800C6B389 /* Images.swift */ = {isa = PBXFileReference; lastKnownFileType = sourcecode.swift; path = Images.swift; sourceTree = "<group>"; };
		692CF5A3292850DC00C6B389 /* Time Of Work (iOS).entitlements */ = {isa = PBXFileReference; lastKnownFileType = text.plist.entitlements; path = "Time Of Work (iOS).entitlements"; sourceTree = "<group>"; };
		694E2C79293189C1009E923B /* HistoryViewModel.swift */ = {isa = PBXFileReference; lastKnownFileType = sourcecode.swift; path = HistoryViewModel.swift; sourceTree = "<group>"; };
		694E2C812933E6A9009E923B /* HistoryListRowView.swift */ = {isa = PBXFileReference; lastKnownFileType = sourcecode.swift; path = HistoryListRowView.swift; sourceTree = "<group>"; };
		694E2C832933E6C2009E923B /* TotalView.swift */ = {isa = PBXFileReference; lastKnownFileType = sourcecode.swift; path = TotalView.swift; sourceTree = "<group>"; };
		694E2C852933E72C009E923B /* TotalValue.swift */ = {isa = PBXFileReference; lastKnownFileType = sourcecode.swift; path = TotalValue.swift; sourceTree = "<group>"; };
		694E2C8929340BB6009E923B /* HomeView.swift */ = {isa = PBXFileReference; lastKnownFileType = sourcecode.swift; path = HomeView.swift; sourceTree = "<group>"; };
		69839F8229369FC100920333 /* HomeCellProvider.swift */ = {isa = PBXFileReference; lastKnownFileType = sourcecode.swift; path = HomeCellProvider.swift; sourceTree = "<group>"; };
		69839F842936A05500920333 /* HomeViewModel.swift */ = {isa = PBXFileReference; lastKnownFileType = sourcecode.swift; path = HomeViewModel.swift; sourceTree = "<group>"; };
		69839F882936A0DD00920333 /* WorkingCell.swift */ = {isa = PBXFileReference; lastKnownFileType = sourcecode.swift; path = WorkingCell.swift; sourceTree = "<group>"; };
		69839F8A2936A3E700920333 /* IdleCell.swift */ = {isa = PBXFileReference; lastKnownFileType = sourcecode.swift; path = IdleCell.swift; sourceTree = "<group>"; };
		69981E7429392183007476D5 /* PickerView.swift */ = {isa = PBXFileReference; lastKnownFileType = sourcecode.swift; path = PickerView.swift; sourceTree = "<group>"; };
		69981E7629392706007476D5 /* CustomRoundedCorner.swift */ = {isa = PBXFileReference; lastKnownFileType = sourcecode.swift; path = CustomRoundedCorner.swift; sourceTree = "<group>"; };
		69981E7A2939536B007476D5 /* Config.swift */ = {isa = PBXFileReference; lastKnownFileType = sourcecode.swift; path = Config.swift; sourceTree = "<group>"; };
		69D4CDCE292AB39C00E04681 /* CoreDataManager.swift */ = {isa = PBXFileReference; lastKnownFileType = sourcecode.swift; path = CoreDataManager.swift; sourceTree = "<group>"; };
		69DCF7BA292D7A0F00520254 /* HistoryView.swift */ = {isa = PBXFileReference; lastKnownFileType = sourcecode.swift; path = HistoryView.swift; sourceTree = "<group>"; };
		69F8A96529353C41003C770C /* SwipeButton.swift */ = {isa = PBXFileReference; lastKnownFileType = sourcecode.swift; path = SwipeButton.swift; sourceTree = "<group>"; };
		E10B09F62603F739009FADEB /* LoadingView.swift */ = {isa = PBXFileReference; lastKnownFileType = sourcecode.swift; path = LoadingView.swift; sourceTree = "<group>"; };
		E112189E25FCE50B00A32772 /* ProgressCircleView.swift */ = {isa = PBXFileReference; lastKnownFileType = sourcecode.swift; path = ProgressCircleView.swift; sourceTree = "<group>"; };
		E1134CDD26053A9D006BFD87 /* LastWorkView.swift */ = {isa = PBXFileReference; lastKnownFileType = sourcecode.swift; path = LastWorkView.swift; sourceTree = "<group>"; };
		E119575825F9330E003BD1CD /* DateFormatEnum.swift */ = {isa = PBXFileReference; lastKnownFileType = sourcecode.swift; path = DateFormatEnum.swift; sourceTree = "<group>"; };
		E119576625F94891003BD1CD /* Int.swift */ = {isa = PBXFileReference; lastKnownFileType = sourcecode.swift; path = Int.swift; sourceTree = "<group>"; };
		E12C3F652610B5B10082EC30 /* SpecialDaysEnum.swift */ = {isa = PBXFileReference; lastKnownFileType = sourcecode.swift; path = SpecialDaysEnum.swift; sourceTree = "<group>"; };
		E12C3F6926127DFE0082EC30 /* HoursRow.swift */ = {isa = PBXFileReference; lastKnownFileType = sourcecode.swift; path = HoursRow.swift; sourceTree = "<group>"; };
		E13291C725F2B0FD00348BC3 /* StartEndRow.swift */ = {isa = PBXFileReference; lastKnownFileType = sourcecode.swift; path = StartEndRow.swift; sourceTree = "<group>"; };
		E13291CA25F2B2A500348BC3 /* AddEditDateViewModel.swift */ = {isa = PBXFileReference; lastKnownFileType = sourcecode.swift; path = AddEditDateViewModel.swift; sourceTree = "<group>"; };
		E13291CD25F2B2C500348BC3 /* New.swift */ = {isa = PBXFileReference; lastKnownFileType = sourcecode.swift; path = New.swift; sourceTree = "<group>"; };
		E167661225F3C110007ECDC9 /* PauseRow.swift */ = {isa = PBXFileReference; lastKnownFileType = sourcecode.swift; path = PauseRow.swift; sourceTree = "<group>"; };
		E167661525F3C294007ECDC9 /* SaveButtonRow.swift */ = {isa = PBXFileReference; lastKnownFileType = sourcecode.swift; path = SaveButtonRow.swift; sourceTree = "<group>"; };
		E16D43CC26090CB4001D5D49 /* SettingHeaderView.swift */ = {isa = PBXFileReference; lastKnownFileType = sourcecode.swift; path = SettingHeaderView.swift; sourceTree = "<group>"; };
		E16D43D226090F23001D5D49 /* TimeSettingView.swift */ = {isa = PBXFileReference; lastKnownFileType = sourcecode.swift; path = TimeSettingView.swift; sourceTree = "<group>"; };
		E16D43D926092D20001D5D49 /* HoursPicker.swift */ = {isa = PBXFileReference; lastKnownFileType = sourcecode.swift; path = HoursPicker.swift; sourceTree = "<group>"; };
		E16E8F5D260A5B28006AA09A /* DaysPicker.swift */ = {isa = PBXFileReference; lastKnownFileType = sourcecode.swift; path = DaysPicker.swift; sourceTree = "<group>"; };
		E17468752601377B00F9CE02 /* SheetViewsEnum.swift */ = {isa = PBXFileReference; lastKnownFileType = sourcecode.swift; path = SheetViewsEnum.swift; sourceTree = "<group>"; };
		E174B0B6260F0E53001B8B86 /* AboutView.swift */ = {isa = PBXFileReference; lastKnownFileType = sourcecode.swift; path = AboutView.swift; sourceTree = "<group>"; };
		E174F5BC25F2AE8300707C97 /* NewDateRow.swift */ = {isa = PBXFileReference; lastKnownFileType = sourcecode.swift; path = NewDateRow.swift; sourceTree = "<group>"; };
		E17C2D8F260FC03C000B3412 /* Dates+CoreDataClass.swift */ = {isa = PBXFileReference; lastKnownFileType = sourcecode.swift; path = "Dates+CoreDataClass.swift"; sourceTree = "<group>"; };
		E17C2D90260FC03C000B3412 /* Dates+CoreDataProperties.swift */ = {isa = PBXFileReference; lastKnownFileType = sourcecode.swift; path = "Dates+CoreDataProperties.swift"; sourceTree = "<group>"; };
		E17F19E325FFDA1D009C3674 /* AddEditDateView.swift */ = {isa = PBXFileReference; lastKnownFileType = sourcecode.swift; path = AddEditDateView.swift; sourceTree = "<group>"; };
		E17FD86525F7D00100CD126F /* TimeOfWorkCoreData.xcdatamodel */ = {isa = PBXFileReference; lastKnownFileType = wrapper.xcdatamodel; path = TimeOfWorkCoreData.xcdatamodel; sourceTree = "<group>"; };
		E183357F25EE988000E3A952 /* Time_Of_WorkApp.swift */ = {isa = PBXFileReference; lastKnownFileType = sourcecode.swift; path = Time_Of_WorkApp.swift; sourceTree = "<group>"; };
		E183358025EE988000E3A952 /* ContentView.swift */ = {isa = PBXFileReference; lastKnownFileType = sourcecode.swift; path = ContentView.swift; sourceTree = "<group>"; };
		E183358125EE988100E3A952 /* Assets.xcassets */ = {isa = PBXFileReference; lastKnownFileType = folder.assetcatalog; path = Assets.xcassets; sourceTree = "<group>"; };
		E183358625EE988100E3A952 /* Time Of Work.app */ = {isa = PBXFileReference; explicitFileType = wrapper.application; includeInIndex = 0; path = "Time Of Work.app"; sourceTree = BUILT_PRODUCTS_DIR; };
		E183358925EE988100E3A952 /* Info.plist */ = {isa = PBXFileReference; lastKnownFileType = text.plist.xml; path = Info.plist; sourceTree = "<group>"; };
		E183359025EE988100E3A952 /* Info.plist */ = {isa = PBXFileReference; lastKnownFileType = text.plist.xml; path = Info.plist; sourceTree = "<group>"; };
		E183359125EE988100E3A952 /* macOS.entitlements */ = {isa = PBXFileReference; lastKnownFileType = text.plist.entitlements; path = macOS.entitlements; sourceTree = "<group>"; };
		E18335AD25EE98C500E3A952 /* MainView.swift */ = {isa = PBXFileReference; lastKnownFileType = sourcecode.swift; path = MainView.swift; sourceTree = "<group>"; };
		E18335B225EE9ACC00E3A952 /* CustomToolbar.swift */ = {isa = PBXFileReference; lastKnownFileType = sourcecode.swift; path = CustomToolbar.swift; sourceTree = "<group>"; };
		E18335B725EE9B6A00E3A952 /* GlassEffect.swift */ = {isa = PBXFileReference; lastKnownFileType = sourcecode.swift; path = GlassEffect.swift; sourceTree = "<group>"; };
		E18335BD25EE9D5300E3A952 /* ToolbarView.swift */ = {isa = PBXFileReference; lastKnownFileType = sourcecode.swift; path = ToolbarView.swift; sourceTree = "<group>"; };
		E18335C225EEA03900E3A952 /* ViewsEnum.swift */ = {isa = PBXFileReference; lastKnownFileType = sourcecode.swift; path = ViewsEnum.swift; sourceTree = "<group>"; };
		E1851EAC25EFEEB400C721E9 /* BackgroundWithBorder.swift */ = {isa = PBXFileReference; lastKnownFileType = sourcecode.swift; path = BackgroundWithBorder.swift; sourceTree = "<group>"; };
		E1851EB025EFEF6700C721E9 /* OrangeButtonStyle.swift */ = {isa = PBXFileReference; lastKnownFileType = sourcecode.swift; path = OrangeButtonStyle.swift; sourceTree = "<group>"; };
		E1851EB325EFF60D00C721E9 /* NowRow.swift */ = {isa = PBXFileReference; lastKnownFileType = sourcecode.swift; path = NowRow.swift; sourceTree = "<group>"; };
		E1851EB825EFF71D00C721E9 /* ButtonsRow.swift */ = {isa = PBXFileReference; lastKnownFileType = sourcecode.swift; path = ButtonsRow.swift; sourceTree = "<group>"; };
		E1923C1B261000A7001456CF /* TogglesView.swift */ = {isa = PBXFileReference; lastKnownFileType = sourcecode.swift; path = TogglesView.swift; sourceTree = "<group>"; };
		E1D624372926E09C00AC87D6 /* Date.swift */ = {isa = PBXFileReference; lastKnownFileType = sourcecode.swift; path = Date.swift; sourceTree = "<group>"; };
		E1F20B4226073F5E00790CEA /* AddEditHeaderView.swift */ = {isa = PBXFileReference; lastKnownFileType = sourcecode.swift; path = AddEditHeaderView.swift; sourceTree = "<group>"; };
		E1F20B562607B5E100790CEA /* MainViewModel.swift */ = {isa = PBXFileReference; lastKnownFileType = sourcecode.swift; path = MainViewModel.swift; sourceTree = "<group>"; };
		E1F20B5B2607B7A800790CEA /* MainSettingView.swift */ = {isa = PBXFileReference; lastKnownFileType = sourcecode.swift; path = MainSettingView.swift; sourceTree = "<group>"; };
		E1F20B612607C0AB00790CEA /* SettingsViewModel.swift */ = {isa = PBXFileReference; lastKnownFileType = sourcecode.swift; path = SettingsViewModel.swift; sourceTree = "<group>"; };
		E1F20B6D2607C76000790CEA /* RowSetting.swift */ = {isa = PBXFileReference; lastKnownFileType = sourcecode.swift; path = RowSetting.swift; sourceTree = "<group>"; };
/* End PBXFileReference section */

/* Begin PBXFrameworksBuildPhase section */
		E183358325EE988100E3A952 /* Frameworks */ = {
			isa = PBXFrameworksBuildPhase;
			buildActionMask = 2147483647;
			files = (
			);
			runOnlyForDeploymentPostprocessing = 0;
		};
/* End PBXFrameworksBuildPhase section */

/* Begin PBXGroup section */
		694E2C8829340B5F009E923B /* HomeView */ = {
			isa = PBXGroup;
			children = (
				E1851EB325EFF60D00C721E9 /* NowRow.swift */,
				E1851EB825EFF71D00C721E9 /* ButtonsRow.swift */,
				E1134CDD26053A9D006BFD87 /* LastWorkView.swift */,
				694E2C8929340BB6009E923B /* HomeView.swift */,
				69839F842936A05500920333 /* HomeViewModel.swift */,
			);
			path = HomeView;
			sourceTree = "<group>";
		};
		69981E78293952E4007476D5 /* Components */ = {
			isa = PBXGroup;
			children = (
				69F8A96529353C41003C770C /* SwipeButton.swift */,
				69981E7429392183007476D5 /* PickerView.swift */,
			);
			path = Components;
			sourceTree = "<group>";
		};
		69981E7929395311007476D5 /* Cells */ = {
			isa = PBXGroup;
			children = (
				69839F8229369FC100920333 /* HomeCellProvider.swift */,
				69839F882936A0DD00920333 /* WorkingCell.swift */,
				69839F8A2936A3E700920333 /* IdleCell.swift */,
			);
			path = Cells;
			sourceTree = "<group>";
		};
		69DCF7B9292D79FC00520254 /* HistoryView */ = {
			isa = PBXGroup;
			children = (
				694E2C79293189C1009E923B /* HistoryViewModel.swift */,
				69DCF7BA292D7A0F00520254 /* HistoryView.swift */,
				694E2C812933E6A9009E923B /* HistoryListRowView.swift */,
				694E2C832933E6C2009E923B /* TotalView.swift */,
			);
			path = HistoryView;
			sourceTree = "<group>";
		};
		E167660D25F3B787007ECDC9 /* Extensions */ = {
			isa = PBXGroup;
			children = (
				E119576625F94891003BD1CD /* Int.swift */,
				E1D624372926E09C00AC87D6 /* Date.swift */,
			);
			path = Extensions;
			sourceTree = "<group>";
		};
		E16D43D826092CBC001D5D49 /* ComponentsView */ = {
			isa = PBXGroup;
			children = (
				E16D43D926092D20001D5D49 /* HoursPicker.swift */,
				E16E8F5D260A5B28006AA09A /* DaysPicker.swift */,
			);
			path = ComponentsView;
			sourceTree = "<group>";
		};
		E174F5B925F2AE0000707C97 /* AddEditDateView */ = {
			isa = PBXGroup;
			children = (
				E13291CA25F2B2A500348BC3 /* AddEditDateViewModel.swift */,
				E17F19E325FFDA1D009C3674 /* AddEditDateView.swift */,
				E174F5BC25F2AE8300707C97 /* NewDateRow.swift */,
				E13291C725F2B0FD00348BC3 /* StartEndRow.swift */,
				E167661225F3C110007ECDC9 /* PauseRow.swift */,
				E167661525F3C294007ECDC9 /* SaveButtonRow.swift */,
				E1F20B4226073F5E00790CEA /* AddEditHeaderView.swift */,
				E1923C1B261000A7001456CF /* TogglesView.swift */,
				E12C3F6926127DFE0082EC30 /* HoursRow.swift */,
			);
			path = AddEditDateView;
			sourceTree = "<group>";
		};
		E183357925EE987F00E3A952 = {
			isa = PBXGroup;
			children = (
				692CF5A3292850DC00C6B389 /* Time Of Work (iOS).entitlements */,
				E183357E25EE988000E3A952 /* Shared */,
				E183358825EE988100E3A952 /* iOS */,
				E183358F25EE988100E3A952 /* macOS */,
				E183358725EE988100E3A952 /* Products */,
			);
			sourceTree = "<group>";
		};
		E183357E25EE988000E3A952 /* Shared */ = {
			isa = PBXGroup;
			children = (
				E1FD2D2B25F68551002D495B /* CoreDataModels */,
				E167660D25F3B787007ECDC9 /* Extensions */,
				E1851EAB25EFEE9500C721E9 /* ViewModifier */,
				E18335C125EEA02400E3A952 /* Enums */,
				E18335A425EE989800E3A952 /* Model */,
				E18335A225EE988D00E3A952 /* View */,
				E183357F25EE988000E3A952 /* Time_Of_WorkApp.swift */,
				E183358025EE988000E3A952 /* ContentView.swift */,
				E183358125EE988100E3A952 /* Assets.xcassets */,
				E17FD86425F7D00100CD126F /* TimeOfWorkCoreData.xcdatamodeld */,
			);
			path = Shared;
			sourceTree = "<group>";
		};
		E183358725EE988100E3A952 /* Products */ = {
			isa = PBXGroup;
			children = (
				E183358625EE988100E3A952 /* Time Of Work.app */,
			);
			name = Products;
			sourceTree = "<group>";
		};
		E183358825EE988100E3A952 /* iOS */ = {
			isa = PBXGroup;
			children = (
				E183358925EE988100E3A952 /* Info.plist */,
			);
			path = iOS;
			sourceTree = "<group>";
		};
		E183358F25EE988100E3A952 /* macOS */ = {
			isa = PBXGroup;
			children = (
				E183359025EE988100E3A952 /* Info.plist */,
				E183359125EE988100E3A952 /* macOS.entitlements */,
			);
			path = macOS;
			sourceTree = "<group>";
		};
		E18335A225EE988D00E3A952 /* View */ = {
			isa = PBXGroup;
			children = (
				69981E7929395311007476D5 /* Cells */,
				69981E78293952E4007476D5 /* Components */,
				69DCF7B9292D79FC00520254 /* HistoryView */,
				E1F20B5A2607B79900790CEA /* SettingsView */,
				E174F5B925F2AE0000707C97 /* AddEditDateView */,
				694E2C8829340B5F009E923B /* HomeView */,
				E18335B625EE9B4D00E3A952 /* Effects */,
				E18335B125EE9AC000E3A952 /* Shapes */,
				69981E7A2939536B007476D5 /* Config.swift */,
				E18335AD25EE98C500E3A952 /* MainView.swift */,
				E1F20B562607B5E100790CEA /* MainViewModel.swift */,
				E18335BD25EE9D5300E3A952 /* ToolbarView.swift */,
			);
			path = View;
			sourceTree = "<group>";
		};
		E18335A425EE989800E3A952 /* Model */ = {
			isa = PBXGroup;
			children = (
				E13291CD25F2B2C500348BC3 /* New.swift */,
				692CF59F2928212F00C6B389 /* Colors.swift */,
				692CF5A129282D3800C6B389 /* Images.swift */,
				694E2C852933E72C009E923B /* TotalValue.swift */,
			);
			path = Model;
			sourceTree = "<group>";
		};
		E18335B125EE9AC000E3A952 /* Shapes */ = {
			isa = PBXGroup;
			children = (
				E18335B225EE9ACC00E3A952 /* CustomToolbar.swift */,
				69981E7629392706007476D5 /* CustomRoundedCorner.swift */,
			);
			path = Shapes;
			sourceTree = "<group>";
		};
		E18335B625EE9B4D00E3A952 /* Effects */ = {
			isa = PBXGroup;
			children = (
				E18335B725EE9B6A00E3A952 /* GlassEffect.swift */,
				E112189E25FCE50B00A32772 /* ProgressCircleView.swift */,
				E10B09F62603F739009FADEB /* LoadingView.swift */,
			);
			path = Effects;
			sourceTree = "<group>";
		};
		E18335C125EEA02400E3A952 /* Enums */ = {
			isa = PBXGroup;
			children = (
				E18335C225EEA03900E3A952 /* ViewsEnum.swift */,
				E119575825F9330E003BD1CD /* DateFormatEnum.swift */,
				E17468752601377B00F9CE02 /* SheetViewsEnum.swift */,
				E12C3F652610B5B10082EC30 /* SpecialDaysEnum.swift */,
			);
			path = Enums;
			sourceTree = "<group>";
		};
		E1851EAB25EFEE9500C721E9 /* ViewModifier */ = {
			isa = PBXGroup;
			children = (
				E1851EAC25EFEEB400C721E9 /* BackgroundWithBorder.swift */,
				E1851EB025EFEF6700C721E9 /* OrangeButtonStyle.swift */,
			);
			path = ViewModifier;
			sourceTree = "<group>";
		};
		E1F20B5A2607B79900790CEA /* SettingsView */ = {
			isa = PBXGroup;
			children = (
				E16D43D826092CBC001D5D49 /* ComponentsView */,
				E1F20B5B2607B7A800790CEA /* MainSettingView.swift */,
				E1F20B6D2607C76000790CEA /* RowSetting.swift */,
				E1F20B612607C0AB00790CEA /* SettingsViewModel.swift */,
				E16D43CC26090CB4001D5D49 /* SettingHeaderView.swift */,
				E16D43D226090F23001D5D49 /* TimeSettingView.swift */,
				E174B0B6260F0E53001B8B86 /* AboutView.swift */,
			);
			path = SettingsView;
			sourceTree = "<group>";
		};
		E1FD2D2B25F68551002D495B /* CoreDataModels */ = {
			isa = PBXGroup;
			children = (
				69D4CDCE292AB39C00E04681 /* CoreDataManager.swift */,
				E17C2D8F260FC03C000B3412 /* Dates+CoreDataClass.swift */,
				E17C2D90260FC03C000B3412 /* Dates+CoreDataProperties.swift */,
			);
			path = CoreDataModels;
			sourceTree = "<group>";
		};
/* End PBXGroup section */

/* Begin PBXNativeTarget section */
		E183358525EE988100E3A952 /* Time Of Work (iOS) */ = {
			isa = PBXNativeTarget;
			buildConfigurationList = E183359A25EE988100E3A952 /* Build configuration list for PBXNativeTarget "Time Of Work (iOS)" */;
			buildPhases = (
				E183358225EE988100E3A952 /* Sources */,
				E183358325EE988100E3A952 /* Frameworks */,
				E183358425EE988100E3A952 /* Resources */,
				E1AB43962926E59A004643AB /* ShellScript */,
			);
			buildRules = (
			);
			dependencies = (
			);
			name = "Time Of Work (iOS)";
			productName = "Time Of Work (iOS)";
			productReference = E183358625EE988100E3A952 /* Time Of Work.app */;
			productType = "com.apple.product-type.application";
		};
/* End PBXNativeTarget section */

/* Begin PBXProject section */
		E183357A25EE987F00E3A952 /* Project object */ = {
			isa = PBXProject;
			attributes = {
				LastSwiftUpdateCheck = 1240;
				LastUpgradeCheck = 1240;
				TargetAttributes = {
					E183358525EE988100E3A952 = {
						CreatedOnToolsVersion = 12.4;
					};
				};
			};
			buildConfigurationList = E183357D25EE987F00E3A952 /* Build configuration list for PBXProject "Time Of Work" */;
			compatibilityVersion = "Xcode 9.3";
			developmentRegion = en;
			hasScannedForEncodings = 0;
			knownRegions = (
				en,
				Base,
			);
			mainGroup = E183357925EE987F00E3A952;
			productRefGroup = E183358725EE988100E3A952 /* Products */;
			projectDirPath = "";
			projectRoot = "";
			targets = (
				E183358525EE988100E3A952 /* Time Of Work (iOS) */,
			);
		};
/* End PBXProject section */

/* Begin PBXResourcesBuildPhase section */
		E183358425EE988100E3A952 /* Resources */ = {
			isa = PBXResourcesBuildPhase;
			buildActionMask = 2147483647;
			files = (
				E183359625EE988100E3A952 /* Assets.xcassets in Resources */,
			);
			runOnlyForDeploymentPostprocessing = 0;
		};
/* End PBXResourcesBuildPhase section */

/* Begin PBXShellScriptBuildPhase section */
		E1AB43962926E59A004643AB /* ShellScript */ = {
			isa = PBXShellScriptBuildPhase;
			buildActionMask = 2147483647;
			files = (
			);
			inputFileListPaths = (
			);
			inputPaths = (
			);
			outputFileListPaths = (
			);
			outputPaths = (
			);
			runOnlyForDeploymentPostprocessing = 0;
			shellPath = /bin/sh;
			shellScript = "# Type a script or drag a script file from your workspace to insert its path.\nexport PATH=\"$PATH:/opt/homebrew/bin\"\nif which swiftlint > /dev/null; then\n  swiftlint\nelse\n  echo \"warning: SwiftLint not installed, download from https://github.com/realm/SwiftLint\"\nfi\n";
		};
/* End PBXShellScriptBuildPhase section */

/* Begin PBXSourcesBuildPhase section */
		E183358225EE988100E3A952 /* Sources */ = {
			isa = PBXSourcesBuildPhase;
			buildActionMask = 2147483647;
			files = (
				E1F20B572607B5E100790CEA /* MainViewModel.swift in Sources */,
				69D4CDCF292AB39C00E04681 /* CoreDataManager.swift in Sources */,
				E16D43CD26090CB4001D5D49 /* SettingHeaderView.swift in Sources */,
				E12C3F6A26127DFE0082EC30 /* HoursRow.swift in Sources */,
				E12C3F662610B5B10082EC30 /* SpecialDaysEnum.swift in Sources */,
				692CF5A02928212F00C6B389 /* Colors.swift in Sources */,
				E1F20B4326073F5E00790CEA /* AddEditHeaderView.swift in Sources */,
				E1851EAD25EFEEB400C721E9 /* BackgroundWithBorder.swift in Sources */,
				69839F8B2936A3E700920333 /* IdleCell.swift in Sources */,
				E1134CDE26053A9D006BFD87 /* LastWorkView.swift in Sources */,
				E18335AE25EE98C500E3A952 /* MainView.swift in Sources */,
				E17468762601377B00F9CE02 /* SheetViewsEnum.swift in Sources */,
				694E2C822933E6A9009E923B /* HistoryListRowView.swift in Sources */,
				E18335B325EE9ACC00E3A952 /* CustomToolbar.swift in Sources */,
				E1F20B5C2607B7A800790CEA /* MainSettingView.swift in Sources */,
				E174F5BD25F2AE8300707C97 /* NewDateRow.swift in Sources */,
				E18335B825EE9B6A00E3A952 /* GlassEffect.swift in Sources */,
				E1D624382926E09C00AC87D6 /* Date.swift in Sources */,
				E183359425EE988100E3A952 /* ContentView.swift in Sources */,
				E1851EB925EFF71D00C721E9 /* ButtonsRow.swift in Sources */,
				E17C2D91260FC03C000B3412 /* Dates+CoreDataClass.swift in Sources */,
				E1851EB425EFF60D00C721E9 /* NowRow.swift in Sources */,
				69839F892936A0DD00920333 /* WorkingCell.swift in Sources */,
				E167661325F3C110007ECDC9 /* PauseRow.swift in Sources */,
				E167661625F3C294007ECDC9 /* SaveButtonRow.swift in Sources */,
				E13291C825F2B0FD00348BC3 /* StartEndRow.swift in Sources */,
				694E2C8A29340BB6009E923B /* HomeView.swift in Sources */,
				E174B0B7260F0E53001B8B86 /* AboutView.swift in Sources */,
				69F8A96629353C41003C770C /* SwipeButton.swift in Sources */,
				69839F852936A05500920333 /* HomeViewModel.swift in Sources */,
				E17F19E425FFDA1D009C3674 /* AddEditDateView.swift in Sources */,
				E17FD86625F7D00100CD126F /* TimeOfWorkCoreData.xcdatamodeld in Sources */,
				E13291CB25F2B2A500348BC3 /* AddEditDateViewModel.swift in Sources */,
				694E2C862933E72C009E923B /* TotalValue.swift in Sources */,
				694E2C842933E6C2009E923B /* TotalView.swift in Sources */,
				E16D43DA26092D20001D5D49 /* HoursPicker.swift in Sources */,
				69981E7729392706007476D5 /* CustomRoundedCorner.swift in Sources */,
				E1F20B622607C0AB00790CEA /* SettingsViewModel.swift in Sources */,
				E112189F25FCE50B00A32772 /* ProgressCircleView.swift in Sources */,
				E10B09F72603F739009FADEB /* LoadingView.swift in Sources */,
				E16E8F5E260A5B28006AA09A /* DaysPicker.swift in Sources */,
				694E2C7A293189C1009E923B /* HistoryViewModel.swift in Sources */,
				E13291CE25F2B2C500348BC3 /* New.swift in Sources */,
				69DCF7BB292D7A0F00520254 /* HistoryView.swift in Sources */,
				E18335C325EEA03900E3A952 /* ViewsEnum.swift in Sources */,
				69839F8329369FC100920333 /* HomeCellProvider.swift in Sources */,
				E1851EB125EFEF6700C721E9 /* OrangeButtonStyle.swift in Sources */,
				E1F20B6E2607C76000790CEA /* RowSetting.swift in Sources */,
				692CF5A229282D3800C6B389 /* Images.swift in Sources */,
				E119575925F9330F003BD1CD /* DateFormatEnum.swift in Sources */,
				E16D43D326090F23001D5D49 /* TimeSettingView.swift in Sources */,
				69981E7B2939536B007476D5 /* Config.swift in Sources */,
				E183359225EE988100E3A952 /* Time_Of_WorkApp.swift in Sources */,
				E18335BE25EE9D5300E3A952 /* ToolbarView.swift in Sources */,
				E17C2D92260FC03C000B3412 /* Dates+CoreDataProperties.swift in Sources */,
				E119576725F94891003BD1CD /* Int.swift in Sources */,
				69981E7529392183007476D5 /* PickerView.swift in Sources */,
				E1923C1C261000A7001456CF /* TogglesView.swift in Sources */,
			);
			runOnlyForDeploymentPostprocessing = 0;
		};
/* End PBXSourcesBuildPhase section */

/* Begin XCBuildConfiguration section */
		E183359825EE988100E3A952 /* Debug */ = {
			isa = XCBuildConfiguration;
			buildSettings = {
				ALWAYS_SEARCH_USER_PATHS = NO;
				CLANG_ANALYZER_NONNULL = YES;
				CLANG_ANALYZER_NUMBER_OBJECT_CONVERSION = YES_AGGRESSIVE;
				CLANG_CXX_LANGUAGE_STANDARD = "gnu++14";
				CLANG_CXX_LIBRARY = "libc++";
				CLANG_ENABLE_MODULES = YES;
				CLANG_ENABLE_OBJC_ARC = YES;
				CLANG_ENABLE_OBJC_WEAK = YES;
				CLANG_WARN_BLOCK_CAPTURE_AUTORELEASING = YES;
				CLANG_WARN_BOOL_CONVERSION = YES;
				CLANG_WARN_COMMA = YES;
				CLANG_WARN_CONSTANT_CONVERSION = YES;
				CLANG_WARN_DEPRECATED_OBJC_IMPLEMENTATIONS = YES;
				CLANG_WARN_DIRECT_OBJC_ISA_USAGE = YES_ERROR;
				CLANG_WARN_DOCUMENTATION_COMMENTS = YES;
				CLANG_WARN_EMPTY_BODY = YES;
				CLANG_WARN_ENUM_CONVERSION = YES;
				CLANG_WARN_INFINITE_RECURSION = YES;
				CLANG_WARN_INT_CONVERSION = YES;
				CLANG_WARN_NON_LITERAL_NULL_CONVERSION = YES;
				CLANG_WARN_OBJC_IMPLICIT_RETAIN_SELF = YES;
				CLANG_WARN_OBJC_LITERAL_CONVERSION = YES;
				CLANG_WARN_OBJC_ROOT_CLASS = YES_ERROR;
				CLANG_WARN_QUOTED_INCLUDE_IN_FRAMEWORK_HEADER = YES;
				CLANG_WARN_RANGE_LOOP_ANALYSIS = YES;
				CLANG_WARN_STRICT_PROTOTYPES = YES;
				CLANG_WARN_SUSPICIOUS_MOVE = YES;
				CLANG_WARN_UNGUARDED_AVAILABILITY = YES_AGGRESSIVE;
				CLANG_WARN_UNREACHABLE_CODE = YES;
				CLANG_WARN__DUPLICATE_METHOD_MATCH = YES;
				COPY_PHASE_STRIP = NO;
				DEBUG_INFORMATION_FORMAT = dwarf;
				ENABLE_STRICT_OBJC_MSGSEND = YES;
				ENABLE_TESTABILITY = YES;
				GCC_C_LANGUAGE_STANDARD = gnu11;
				GCC_DYNAMIC_NO_PIC = NO;
				GCC_NO_COMMON_BLOCKS = YES;
				GCC_OPTIMIZATION_LEVEL = 0;
				GCC_PREPROCESSOR_DEFINITIONS = (
					"DEBUG=1",
					"$(inherited)",
				);
				GCC_WARN_64_TO_32_BIT_CONVERSION = YES;
				GCC_WARN_ABOUT_RETURN_TYPE = YES_ERROR;
				GCC_WARN_UNDECLARED_SELECTOR = YES;
				GCC_WARN_UNINITIALIZED_AUTOS = YES_AGGRESSIVE;
				GCC_WARN_UNUSED_FUNCTION = YES;
				GCC_WARN_UNUSED_VARIABLE = YES;
				MTL_ENABLE_DEBUG_INFO = INCLUDE_SOURCE;
				MTL_FAST_MATH = YES;
				ONLY_ACTIVE_ARCH = YES;
				SWIFT_ACTIVE_COMPILATION_CONDITIONS = DEBUG;
				SWIFT_OPTIMIZATION_LEVEL = "-Onone";
			};
			name = Debug;
		};
		E183359925EE988100E3A952 /* Release */ = {
			isa = XCBuildConfiguration;
			buildSettings = {
				ALWAYS_SEARCH_USER_PATHS = NO;
				CLANG_ANALYZER_NONNULL = YES;
				CLANG_ANALYZER_NUMBER_OBJECT_CONVERSION = YES_AGGRESSIVE;
				CLANG_CXX_LANGUAGE_STANDARD = "gnu++14";
				CLANG_CXX_LIBRARY = "libc++";
				CLANG_ENABLE_MODULES = YES;
				CLANG_ENABLE_OBJC_ARC = YES;
				CLANG_ENABLE_OBJC_WEAK = YES;
				CLANG_WARN_BLOCK_CAPTURE_AUTORELEASING = YES;
				CLANG_WARN_BOOL_CONVERSION = YES;
				CLANG_WARN_COMMA = YES;
				CLANG_WARN_CONSTANT_CONVERSION = YES;
				CLANG_WARN_DEPRECATED_OBJC_IMPLEMENTATIONS = YES;
				CLANG_WARN_DIRECT_OBJC_ISA_USAGE = YES_ERROR;
				CLANG_WARN_DOCUMENTATION_COMMENTS = YES;
				CLANG_WARN_EMPTY_BODY = YES;
				CLANG_WARN_ENUM_CONVERSION = YES;
				CLANG_WARN_INFINITE_RECURSION = YES;
				CLANG_WARN_INT_CONVERSION = YES;
				CLANG_WARN_NON_LITERAL_NULL_CONVERSION = YES;
				CLANG_WARN_OBJC_IMPLICIT_RETAIN_SELF = YES;
				CLANG_WARN_OBJC_LITERAL_CONVERSION = YES;
				CLANG_WARN_OBJC_ROOT_CLASS = YES_ERROR;
				CLANG_WARN_QUOTED_INCLUDE_IN_FRAMEWORK_HEADER = YES;
				CLANG_WARN_RANGE_LOOP_ANALYSIS = YES;
				CLANG_WARN_STRICT_PROTOTYPES = YES;
				CLANG_WARN_SUSPICIOUS_MOVE = YES;
				CLANG_WARN_UNGUARDED_AVAILABILITY = YES_AGGRESSIVE;
				CLANG_WARN_UNREACHABLE_CODE = YES;
				CLANG_WARN__DUPLICATE_METHOD_MATCH = YES;
				COPY_PHASE_STRIP = NO;
				DEBUG_INFORMATION_FORMAT = "dwarf-with-dsym";
				ENABLE_NS_ASSERTIONS = NO;
				ENABLE_STRICT_OBJC_MSGSEND = YES;
				GCC_C_LANGUAGE_STANDARD = gnu11;
				GCC_NO_COMMON_BLOCKS = YES;
				GCC_WARN_64_TO_32_BIT_CONVERSION = YES;
				GCC_WARN_ABOUT_RETURN_TYPE = YES_ERROR;
				GCC_WARN_UNDECLARED_SELECTOR = YES;
				GCC_WARN_UNINITIALIZED_AUTOS = YES_AGGRESSIVE;
				GCC_WARN_UNUSED_FUNCTION = YES;
				GCC_WARN_UNUSED_VARIABLE = YES;
				MTL_ENABLE_DEBUG_INFO = NO;
				MTL_FAST_MATH = YES;
				SWIFT_COMPILATION_MODE = wholemodule;
				SWIFT_OPTIMIZATION_LEVEL = "-O";
			};
			name = Release;
		};
		E183359B25EE988100E3A952 /* Debug */ = {
			isa = XCBuildConfiguration;
			buildSettings = {
				ASSETCATALOG_COMPILER_APPICON_NAME = AppIcon;
				ASSETCATALOG_COMPILER_GLOBAL_ACCENT_COLOR_NAME = AccentColor;
				CODE_SIGN_ENTITLEMENTS = "Time Of Work (iOS).entitlements";
				CODE_SIGN_STYLE = Automatic;
				CURRENT_PROJECT_VERSION = 15;
				DEVELOPMENT_TEAM = 38Q6TG2KG3;
				ENABLE_PREVIEWS = YES;
				INFOPLIST_FILE = iOS/Info.plist;
				IPHONEOS_DEPLOYMENT_TARGET = 14.0;
				LD_RUNPATH_SEARCH_PATHS = (
					"$(inherited)",
					"@executable_path/Frameworks",
				);
				MARKETING_VERSION = 1.2.0;
				PRODUCT_BUNDLE_IDENTIFIER = "You.Time-Of-Work-new";
				PRODUCT_NAME = "Time Of Work";
				SDKROOT = iphoneos;
				SUPPORTED_PLATFORMS = "iphoneos iphonesimulator";
				SUPPORTS_MACCATALYST = NO;
				SUPPORTS_MAC_DESIGNED_FOR_IPHONE_IPAD = NO;
				SWIFT_VERSION = 5.0;
				TARGETED_DEVICE_FAMILY = "1,2";
			};
			name = Debug;
		};
		E183359C25EE988100E3A952 /* Release */ = {
			isa = XCBuildConfiguration;
			buildSettings = {
				ASSETCATALOG_COMPILER_APPICON_NAME = AppIcon;
				ASSETCATALOG_COMPILER_GLOBAL_ACCENT_COLOR_NAME = AccentColor;
				CODE_SIGN_ENTITLEMENTS = "Time Of Work (iOS).entitlements";
				CODE_SIGN_STYLE = Automatic;
				CURRENT_PROJECT_VERSION = 15;
				DEVELOPMENT_TEAM = 38Q6TG2KG3;
				ENABLE_PREVIEWS = YES;
				INFOPLIST_FILE = iOS/Info.plist;
				IPHONEOS_DEPLOYMENT_TARGET = 14.0;
				LD_RUNPATH_SEARCH_PATHS = (
					"$(inherited)",
					"@executable_path/Frameworks",
				);
				MARKETING_VERSION = 1.2.0;
				PRODUCT_BUNDLE_IDENTIFIER = "You.Time-Of-Work-new";
				PRODUCT_NAME = "Time Of Work";
				SDKROOT = iphoneos;
				SUPPORTED_PLATFORMS = "iphoneos iphonesimulator";
				SUPPORTS_MACCATALYST = NO;
				SUPPORTS_MAC_DESIGNED_FOR_IPHONE_IPAD = NO;
				SWIFT_VERSION = 5.0;
				TARGETED_DEVICE_FAMILY = "1,2";
				VALIDATE_PRODUCT = YES;
			};
			name = Release;
		};
/* End XCBuildConfiguration section */

/* Begin XCConfigurationList section */
		E183357D25EE987F00E3A952 /* Build configuration list for PBXProject "Time Of Work" */ = {
			isa = XCConfigurationList;
			buildConfigurations = (
				E183359825EE988100E3A952 /* Debug */,
				E183359925EE988100E3A952 /* Release */,
			);
			defaultConfigurationIsVisible = 0;
			defaultConfigurationName = Debug;
		};
		E183359A25EE988100E3A952 /* Build configuration list for PBXNativeTarget "Time Of Work (iOS)" */ = {
			isa = XCConfigurationList;
			buildConfigurations = (
				E183359B25EE988100E3A952 /* Debug */,
				E183359C25EE988100E3A952 /* Release */,
			);
			defaultConfigurationIsVisible = 0;
			defaultConfigurationName = Debug;
		};
/* End XCConfigurationList section */

/* Begin XCVersionGroup section */
		E17FD86425F7D00100CD126F /* TimeOfWorkCoreData.xcdatamodeld */ = {
			isa = XCVersionGroup;
			children = (
				E17FD86525F7D00100CD126F /* TimeOfWorkCoreData.xcdatamodel */,
			);
			currentVersion = E17FD86525F7D00100CD126F /* TimeOfWorkCoreData.xcdatamodel */;
			path = TimeOfWorkCoreData.xcdatamodeld;
			sourceTree = "<group>";
			versionGroupType = wrapper.xcdatamodel;
		};
/* End XCVersionGroup section */
	};
	rootObject = E183357A25EE987F00E3A952 /* Project object */;
}
